
Microsoft Visual Studio Solution File, Format Version 12.00
# Visual Studio Version 17
VisualStudioVersion = 17.14.36109.1 d17.14
MinimumVisualStudioVersion = 10.0.40219.1
Project("{FAE04EC0-301F-11D3-BF4B-00C04F79EFBC}") = "Guvenlik_Uygulamasi", "Guvenlik_Uygulamasi\Guvenlik_Uygulamasi.csproj", "{4F016C5C-E7D9-4742-B401-9A269A95CBCD}"
EndProject
Global
	GlobalSection(SolutionConfigurationPlatforms) = preSolution
		Debug|Any CPU = Debug|Any CPU
		Release|Any CPU = Release|Any CPU
	EndGlobalSection
	GlobalSection(ProjectConfigurationPlatforms) = postSolution
		{4F016C5C-E7D9-4742-B401-9A269A95CBCD}.Debug|Any CPU.ActiveCfg = Debug|Any CPU
		{4F016C5C-E7D9-4742-B401-9A269A95CBCD}.Debug|Any CPU.Build.0 = Debug|Any CPU
		{4F016C5C-E7D9-4742-B401-9A269A95CBCD}.Release|Any CPU.ActiveCfg = Release|Any CPU
		{4F016C5C-E7D9-4742-B401-9A269A95CBCD}.Release|Any CPU.Build.0 = Release|Any CPU
	EndGlobalSection
	GlobalSection(SolutionProperties) = preSolution
		HideSolutionNode = FALSE
	EndGlobalSection
	GlobalSection(ExtensibilityGlobals) = postSolution
		SolutionGuid = {A894F317-AE57-4921-8CA9-548C0164B249}
	EndGlobalSection
EndGlobal
